# This file is autogenerated, do not edit; changes may be undone by the next 'dep ensure'.


[[projects]]
  name = "github.com/go-ini/ini"
  packages = ["."]
  revision = "5e9692864e22d02ac79e2fa499cffb00520b4fea"
  version = "v1.34.0"

[[projects]]
  name = "github.com/imyousuf/fs-image-manager"
  packages = ["app"]
  revision = "a1c6388b81a5b0337a3cf33222d8d69a8680d1e2"
  version = "v0.1.2"

[[projects]]
  name = "gopkg.in/natefinch/lumberjack.v2"
  packages = ["."]
  revision = "a96e63847dc3c67d17befa69c303767e2f84e54f"
  version = "v2.1"

[solve-meta]
  analyzer-name = "dep"
  analyzer-version = 1
  inputs-digest = "5da0abae803a9475d1a18fa3435a19c9a896ce0d953825e43a21d4c51659e1eb"
  solver-name = "gps-cdcl"
  solver-version = 1
